// !$*UTF8*$!
{
	archiveVersion = 1;
	classes = {
	};
	objectVersion = 56;
	objects = {

/* Begin PBXBuildFile section */
		4A0A125A2B66A4CE00677420 /* AppDelegate.swift in Sources */ = {isa = PBXBuildFile; fileRef = 4A0A12592B66A4CE00677420 /* AppDelegate.swift */; };
		4A0A125C2B66A4CE00677420 /* SceneDelegate.swift in Sources */ = {isa = PBXBuildFile; fileRef = 4A0A125B2B66A4CE00677420 /* SceneDelegate.swift */; };
		4A0A125E2B66A4CE00677420 /* ViewController.swift in Sources */ = {isa = PBXBuildFile; fileRef = 4A0A125D2B66A4CE00677420 /* ViewController.swift */; };
		4A0A12612B66A4CE00677420 /* Main.storyboard in Resources */ = {isa = PBXBuildFile; fileRef = 4A0A125F2B66A4CE00677420 /* Main.storyboard */; };
		4A0A12632B66A4D000677420 /* Assets.xcassets in Resources */ = {isa = PBXBuildFile; fileRef = 4A0A12622B66A4D000677420 /* Assets.xcassets */; };
		4A0A12662B66A4D000677420 /* LaunchScreen.storyboard in Resources */ = {isa = PBXBuildFile; fileRef = 4A0A12642B66A4D000677420 /* LaunchScreen.storyboard */; };
		4A0A12712B66A4D000677420 /* DemoUseFrameworkTests.swift in Sources */ = {isa = PBXBuildFile; fileRef = 4A0A12702B66A4D000677420 /* DemoUseFrameworkTests.swift */; };
		4A0A127B2B66A4D000677420 /* DemoUseFrameworkUITests.swift in Sources */ = {isa = PBXBuildFile; fileRef = 4A0A127A2B66A4D000677420 /* DemoUseFrameworkUITests.swift */; };
		4A0A127D2B66A4D000677420 /* DemoUseFrameworkUITestsLaunchTests.swift in Sources */ = {isa = PBXBuildFile; fileRef = 4A0A127C2B66A4D000677420 /* DemoUseFrameworkUITestsLaunchTests.swift */; };
		4A0A128D2B66A58F00677420 /* LoggerKit.framework in Frameworks */ = {isa = PBXBuildFile; fileRef = 4A0A128C2B66A58F00677420 /* LoggerKit.framework */; };
		4A0A128E2B66A58F00677420 /* LoggerKit.framework in Embed Frameworks */ = {isa = PBXBuildFile; fileRef = 4A0A128C2B66A58F00677420 /* LoggerKit.framework */; settings = {ATTRIBUTES = (CodeSignOnCopy, RemoveHeadersOnCopy, ); }; };
		4A0A12912B66A8BC00677420 /* LoggerWrapper.swift in Sources */ = {isa = PBXBuildFile; fileRef = 4A0A12902B66A8BC00677420 /* LoggerWrapper.swift */; };
/* End PBXBuildFile section */

/* Begin PBXContainerItemProxy section */
		4A0A126D2B66A4D000677420 /* PBXContainerItemProxy */ = {
			isa = PBXContainerItemProxy;
			containerPortal = 4A0A124E2B66A4CE00677420 /* Project object */;
			proxyType = 1;
			remoteGlobalIDString = 4A0A12552B66A4CE00677420;
			remoteInfo = DemoUseFramework;
		};
		4A0A12772B66A4D000677420 /* PBXContainerItemProxy */ = {
			isa = PBXContainerItemProxy;
			containerPortal = 4A0A124E2B66A4CE00677420 /* Project object */;
			proxyType = 1;
			remoteGlobalIDString = 4A0A12552B66A4CE00677420;
			remoteInfo = DemoUseFramework;
		};
/* End PBXContainerItemProxy section */

/* Begin PBXCopyFilesBuildPhase section */
		4A0A128F2B66A58F00677420 /* Embed Frameworks */ = {
			isa = PBXCopyFilesBuildPhase;
			buildActionMask = 2147483647;
			dstPath = "";
			dstSubfolderSpec = 10;
			files = (
				4A0A128E2B66A58F00677420 /* LoggerKit.framework in Embed Frameworks */,
			);
			name = "Embed Frameworks";
			runOnlyForDeploymentPostprocessing = 0;
		};
/* End PBXCopyFilesBuildPhase section */

/* Begin PBXFileReference section */
		4A0A12562B66A4CE00677420 /* DemoUseFramework.app */ = {isa = PBXFileReference; explicitFileType = wrapper.application; includeInIndex = 0; path = DemoUseFramework.app; sourceTree = BUILT_PRODUCTS_DIR; };
		4A0A12592B66A4CE00677420 /* AppDelegate.swift */ = {isa = PBXFileReference; lastKnownFileType = sourcecode.swift; path = AppDelegate.swift; sourceTree = "<group>"; };
		4A0A125B2B66A4CE00677420 /* SceneDelegate.swift */ = {isa = PBXFileReference; lastKnownFileType = sourcecode.swift; path = SceneDelegate.swift; sourceTree = "<group>"; };
		4A0A125D2B66A4CE00677420 /* ViewController.swift */ = {isa = PBXFileReference; lastKnownFileType = sourcecode.swift; path = ViewController.swift; sourceTree = "<group>"; };
		4A0A12602B66A4CE00677420 /* Base */ = {isa = PBXFileReference; lastKnownFileType = file.storyboard; name = Base; path = Base.lproj/Main.storyboard; sourceTree = "<group>"; };
		4A0A12622B66A4D000677420 /* Assets.xcassets */ = {isa = PBXFileReference; lastKnownFileType = folder.assetcatalog; path = Assets.xcassets; sourceTree = "<group>"; };
		4A0A12652B66A4D000677420 /* Base */ = {isa = PBXFileReference; lastKnownFileType = file.storyboard; name = Base; path = Base.lproj/LaunchScreen.storyboard; sourceTree = "<group>"; };
		4A0A12672B66A4D000677420 /* Info.plist */ = {isa = PBXFileReference; lastKnownFileType = text.plist.xml; path = Info.plist; sourceTree = "<group>"; };
		4A0A126C2B66A4D000677420 /* DemoUseFrameworkTests.xctest */ = {isa = PBXFileReference; explicitFileType = wrapper.cfbundle; includeInIndex = 0; path = DemoUseFrameworkTests.xctest; sourceTree = BUILT_PRODUCTS_DIR; };
		4A0A12702B66A4D000677420 /* DemoUseFrameworkTests.swift */ = {isa = PBXFileReference; lastKnownFileType = sourcecode.swift; path = DemoUseFrameworkTests.swift; sourceTree = "<group>"; };
		4A0A12762B66A4D000677420 /* DemoUseFrameworkUITests.xctest */ = {isa = PBXFileReference; explicitFileType = wrapper.cfbundle; includeInIndex = 0; path = DemoUseFrameworkUITests.xctest; sourceTree = BUILT_PRODUCTS_DIR; };
		4A0A127A2B66A4D000677420 /* DemoUseFrameworkUITests.swift */ = {isa = PBXFileReference; lastKnownFileType = sourcecode.swift; path = DemoUseFrameworkUITests.swift; sourceTree = "<group>"; };
		4A0A127C2B66A4D000677420 /* DemoUseFrameworkUITestsLaunchTests.swift */ = {isa = PBXFileReference; lastKnownFileType = sourcecode.swift; path = DemoUseFrameworkUITestsLaunchTests.swift; sourceTree = "<group>"; };
		4A0A128C2B66A58F00677420 /* LoggerKit.framework */ = {isa = PBXFileReference; explicitFileType = wrapper.framework; path = LoggerKit.framework; sourceTree = BUILT_PRODUCTS_DIR; };
		4A0A12902B66A8BC00677420 /* LoggerWrapper.swift */ = {isa = PBXFileReference; lastKnownFileType = sourcecode.swift; path = LoggerWrapper.swift; sourceTree = "<group>"; };
/* End PBXFileReference section */

/* Begin PBXFrameworksBuildPhase section */
		4A0A12532B66A4CE00677420 /* Frameworks */ = {
			isa = PBXFrameworksBuildPhase;
			buildActionMask = 2147483647;
			files = (
				4A0A128D2B66A58F00677420 /* LoggerKit.framework in Frameworks */,
			);
			runOnlyForDeploymentPostprocessing = 0;
		};
		4A0A12692B66A4D000677420 /* Frameworks */ = {
			isa = PBXFrameworksBuildPhase;
			buildActionMask = 2147483647;
			files = (
			);
			runOnlyForDeploymentPostprocessing = 0;
		};
		4A0A12732B66A4D000677420 /* Frameworks */ = {
			isa = PBXFrameworksBuildPhase;
			buildActionMask = 2147483647;
			files = (
			);
			runOnlyForDeploymentPostprocessing = 0;
		};
/* End PBXFrameworksBuildPhase section */

/* Begin PBXGroup section */
		4A0A124D2B66A4CE00677420 = {
			isa = PBXGroup;
			children = (
				4A0A12582B66A4CE00677420 /* DemoUseFramework */,
				4A0A126F2B66A4D000677420 /* DemoUseFrameworkTests */,
				4A0A12792B66A4D000677420 /* DemoUseFrameworkUITests */,
				4A0A12572B66A4CE00677420 /* Products */,
				4A0A128B2B66A58F00677420 /* Frameworks */,
			);
			sourceTree = "<group>";
		};
		4A0A12572B66A4CE00677420 /* Products */ = {
			isa = PBXGroup;
			children = (
				4A0A12562B66A4CE00677420 /* DemoUseFramework.app */,
				4A0A126C2B66A4D000677420 /* DemoUseFrameworkTests.xctest */,
				4A0A12762B66A4D000677420 /* DemoUseFrameworkUITests.xctest */,
			);
			name = Products;
			sourceTree = "<group>";
		};
		4A0A12582B66A4CE00677420 /* DemoUseFramework */ = {
			isa = PBXGroup;
			children = (
				4A0A12592B66A4CE00677420 /* AppDelegate.swift */,
				4A0A125B2B66A4CE00677420 /* SceneDelegate.swift */,
				4A0A125D2B66A4CE00677420 /* ViewController.swift */,
				4A0A125F2B66A4CE00677420 /* Main.storyboard */,
				4A0A12622B66A4D000677420 /* Assets.xcassets */,
				4A0A12642B66A4D000677420 /* LaunchScreen.storyboard */,
				4A0A12672B66A4D000677420 /* Info.plist */,
				4A0A12902B66A8BC00677420 /* LoggerWrapper.swift */,
			);
			path = DemoUseFramework;
			sourceTree = "<group>";
		};
		4A0A126F2B66A4D000677420 /* DemoUseFrameworkTests */ = {
			isa = PBXGroup;
			children = (
				4A0A12702B66A4D000677420 /* DemoUseFrameworkTests.swift */,
			);
			path = DemoUseFrameworkTests;
			sourceTree = "<group>";
		};
		4A0A12792B66A4D000677420 /* DemoUseFrameworkUITests */ = {
			isa = PBXGroup;
			children = (
				4A0A127A2B66A4D000677420 /* DemoUseFrameworkUITests.swift */,
				4A0A127C2B66A4D000677420 /* DemoUseFrameworkUITestsLaunchTests.swift */,
			);
			path = DemoUseFrameworkUITests;
			sourceTree = "<group>";
		};
		4A0A128B2B66A58F00677420 /* Frameworks */ = {
			isa = PBXGroup;
			children = (
				4A0A128C2B66A58F00677420 /* LoggerKit.framework */,
			);
			name = Frameworks;
			sourceTree = "<group>";
		};
/* End PBXGroup section */

/* Begin PBXNativeTarget section */
		4A0A12552B66A4CE00677420 /* DemoUseFramework */ = {
			isa = PBXNativeTarget;
			buildConfigurationList = 4A0A12802B66A4D000677420 /* Build configuration list for PBXNativeTarget "DemoUseFramework" */;
			buildPhases = (
				4A0A12522B66A4CE00677420 /* Sources */,
				4A0A12532B66A4CE00677420 /* Frameworks */,
				4A0A12542B66A4CE00677420 /* Resources */,
				4A0A128F2B66A58F00677420 /* Embed Frameworks */,
			);
			buildRules = (
			);
			dependencies = (
			);
			name = DemoUseFramework;
			productName = DemoUseFramework;
			productReference = 4A0A12562B66A4CE00677420 /* DemoUseFramework.app */;
			productType = "com.apple.product-type.application";
		};
		4A0A126B2B66A4D000677420 /* DemoUseFrameworkTests */ = {
			isa = PBXNativeTarget;
			buildConfigurationList = 4A0A12832B66A4D000677420 /* Build configuration list for PBXNativeTarget "DemoUseFrameworkTests" */;
			buildPhases = (
				4A0A12682B66A4D000677420 /* Sources */,
				4A0A12692B66A4D000677420 /* Frameworks */,
				4A0A126A2B66A4D000677420 /* Resources */,
			);
			buildRules = (
			);
			dependencies = (
				4A0A126E2B66A4D000677420 /* PBXTargetDependency */,
			);
			name = DemoUseFrameworkTests;
			productName = DemoUseFrameworkTests;
			productReference = 4A0A126C2B66A4D000677420 /* DemoUseFrameworkTests.xctest */;
			productType = "com.apple.product-type.bundle.unit-test";
		};
		4A0A12752B66A4D000677420 /* DemoUseFrameworkUITests */ = {
			isa = PBXNativeTarget;
			buildConfigurationList = 4A0A12862B66A4D000677420 /* Build configuration list for PBXNativeTarget "DemoUseFrameworkUITests" */;
			buildPhases = (
				4A0A12722B66A4D000677420 /* Sources */,
				4A0A12732B66A4D000677420 /* Frameworks */,
				4A0A12742B66A4D000677420 /* Resources */,
			);
			buildRules = (
			);
			dependencies = (
				4A0A12782B66A4D000677420 /* PBXTargetDependency */,
			);
			name = DemoUseFrameworkUITests;
			productName = DemoUseFrameworkUITests;
			productReference = 4A0A12762B66A4D000677420 /* DemoUseFrameworkUITests.xctest */;
			productType = "com.apple.product-type.bundle.ui-testing";
		};
/* End PBXNativeTarget section */

/* Begin PBXProject section */
		4A0A124E2B66A4CE00677420 /* Project object */ = {
			isa = PBXProject;
			attributes = {
				BuildIndependentTargetsInParallel = 1;
				LastSwiftUpdateCheck = 1510;
				LastUpgradeCheck = 1510;
				TargetAttributes = {
					4A0A12552B66A4CE00677420 = {
						CreatedOnToolsVersion = 15.1;
					};
					4A0A126B2B66A4D000677420 = {
						CreatedOnToolsVersion = 15.1;
						TestTargetID = 4A0A12552B66A4CE00677420;
					};
					4A0A12752B66A4D000677420 = {
						CreatedOnToolsVersion = 15.1;
						TestTargetID = 4A0A12552B66A4CE00677420;
					};
				};
			};
			buildConfigurationList = 4A0A12512B66A4CE00677420 /* Build configuration list for PBXProject "DemoUseFramework" */;
			compatibilityVersion = "Xcode 14.0";
			developmentRegion = en;
			hasScannedForEncodings = 0;
			knownRegions = (
				en,
				Base,
			);
			mainGroup = 4A0A124D2B66A4CE00677420;
			productRefGroup = 4A0A12572B66A4CE00677420 /* Products */;
			projectDirPath = "";
			projectRoot = "";
			targets = (
				4A0A12552B66A4CE00677420 /* DemoUseFramework */,
				4A0A126B2B66A4D000677420 /* DemoUseFrameworkTests */,
				4A0A12752B66A4D000677420 /* DemoUseFrameworkUITests */,
			);
		};
/* End PBXProject section */

/* Begin PBXResourcesBuildPhase section */
		4A0A12542B66A4CE00677420 /* Resources */ = {
			isa = PBXResourcesBuildPhase;
			buildActionMask = 2147483647;
			files = (
				4A0A12662B66A4D000677420 /* LaunchScreen.storyboard in Resources */,
				4A0A12632B66A4D000677420 /* Assets.xcassets in Resources */,
				4A0A12612B66A4CE00677420 /* Main.storyboard in Resources */,
			);
			runOnlyForDeploymentPostprocessing = 0;
		};
		4A0A126A2B66A4D000677420 /* Resources */ = {
			isa = PBXResourcesBuildPhase;
			buildActionMask = 2147483647;
			files = (
			);
			runOnlyForDeploymentPostprocessing = 0;
		};
		4A0A12742B66A4D000677420 /* Resources */ = {
			isa = PBXResourcesBuildPhase;
			buildActionMask = 2147483647;
			files = (
			);
			runOnlyForDeploymentPostprocessing = 0;
		};
/* End PBXResourcesBuildPhase section */

/* Begin PBXSourcesBuildPhase section */
		4A0A12522B66A4CE00677420 /* Sources */ = {
			isa = PBXSourcesBuildPhase;
			buildActionMask = 2147483647;
			files = (
				4A0A125E2B66A4CE00677420 /* ViewController.swift in Sources */,
				4A0A125A2B66A4CE00677420 /* AppDelegate.swift in Sources */,
				4A0A125C2B66A4CE00677420 /* SceneDelegate.swift in Sources */,
				4A0A12912B66A8BC00677420 /* LoggerWrapper.swift in Sources */,
			);
			runOnlyForDeploymentPostprocessing = 0;
		};
		4A0A12682B66A4D000677420 /* Sources */ = {
			isa = PBXSourcesBuildPhase;
			buildActionMask = 2147483647;
			files = (
				4A0A12712B66A4D000677420 /* DemoUseFrameworkTests.swift in Sources */,
			);
			runOnlyForDeploymentPostprocessing = 0;
		};
		4A0A12722B66A4D000677420 /* Sources */ = {
			isa = PBXSourcesBuildPhase;
			buildActionMask = 2147483647;
			files = (
				4A0A127D2B66A4D000677420 /* DemoUseFrameworkUITestsLaunchTests.swift in Sources */,
				4A0A127B2B66A4D000677420 /* DemoUseFrameworkUITests.swift in Sources */,
			);
			runOnlyForDeploymentPostprocessing = 0;
		};
/* End PBXSourcesBuildPhase section */

/* Begin PBXTargetDependency section */
		4A0A126E2B66A4D000677420 /* PBXTargetDependency */ = {
			isa = PBXTargetDependency;
			target = 4A0A12552B66A4CE00677420 /* DemoUseFramework */;
			targetProxy = 4A0A126D2B66A4D000677420 /* PBXContainerItemProxy */;
		};
		4A0A12782B66A4D000677420 /* PBXTargetDependency */ = {
			isa = PBXTargetDependency;
			target = 4A0A12552B66A4CE00677420 /* DemoUseFramework */;
			targetProxy = 4A0A12772B66A4D000677420 /* PBXContainerItemProxy */;
		};
/* End PBXTargetDependency section */

/* Begin PBXVariantGroup section */
		4A0A125F2B66A4CE00677420 /* Main.storyboard */ = {
			isa = PBXVariantGroup;
			children = (
				4A0A12602B66A4CE00677420 /* Base */,
			);
			name = Main.storyboard;
			sourceTree = "<group>";
		};
		4A0A12642B66A4D000677420 /* LaunchScreen.storyboard */ = {
			isa = PBXVariantGroup;
			children = (
				4A0A12652B66A4D000677420 /* Base */,
			);
			name = LaunchScreen.storyboard;
			sourceTree = "<group>";
		};
/* End PBXVariantGroup section */

/* Begin XCBuildConfiguration section */
		4A0A127E2B66A4D000677420 /* Debug */ = {
			isa = XCBuildConfiguration;
			buildSettings = {
				ALWAYS_SEARCH_USER_PATHS = NO;
				ASSETCATALOG_COMPILER_GENERATE_SWIFT_ASSET_SYMBOL_EXTENSIONS = YES;
				CLANG_ANALYZER_NONNULL = YES;
				CLANG_ANALYZER_NUMBER_OBJECT_CONVERSION = YES_AGGRESSIVE;
				CLANG_CXX_LANGUAGE_STANDARD = "gnu++20";
				CLANG_ENABLE_MODULES = YES;
				CLANG_ENABLE_OBJC_ARC = YES;
				CLANG_ENABLE_OBJC_WEAK = YES;
				CLANG_WARN_BLOCK_CAPTURE_AUTORELEASING = YES;
				CLANG_WARN_BOOL_CONVERSION = YES;
				CLANG_WARN_COMMA = YES;
				CLANG_WARN_CONSTANT_CONVERSION = YES;
				CLANG_WARN_DEPRECATED_OBJC_IMPLEMENTATIONS = YES;
				CLANG_WARN_DIRECT_OBJC_ISA_USAGE = YES_ERROR;
				CLANG_WARN_DOCUMENTATION_COMMENTS = YES;
				CLANG_WARN_EMPTY_BODY = YES;
				CLANG_WARN_ENUM_CONVERSION = YES;
				CLANG_WARN_INFINITE_RECURSION = YES;
				CLANG_WARN_INT_CONVERSION = YES;
				CLANG_WARN_NON_LITERAL_NULL_CONVERSION = YES;
				CLANG_WARN_OBJC_IMPLICIT_RETAIN_SELF = YES;
				CLANG_WARN_OBJC_LITERAL_CONVERSION = YES;
				CLANG_WARN_OBJC_ROOT_CLASS = YES_ERROR;
				CLANG_WARN_QUOTED_INCLUDE_IN_FRAMEWORK_HEADER = YES;
				CLANG_WARN_RANGE_LOOP_ANALYSIS = YES;
				CLANG_WARN_STRICT_PROTOTYPES = YES;
				CLANG_WARN_SUSPICIOUS_MOVE = YES;
				CLANG_WARN_UNGUARDED_AVAILABILITY = YES_AGGRESSIVE;
				CLANG_WARN_UNREACHABLE_CODE = YES;
				CLANG_WARN__DUPLICATE_METHOD_MATCH = YES;
				COPY_PHASE_STRIP = NO;
				DEBUG_INFORMATION_FORMAT = dwarf;
				ENABLE_STRICT_OBJC_MSGSEND = YES;
				ENABLE_TESTABILITY = YES;
				ENABLE_USER_SCRIPT_SANDBOXING = YES;
				GCC_C_LANGUAGE_STANDARD = gnu17;
				GCC_DYNAMIC_NO_PIC = NO;
				GCC_NO_COMMON_BLOCKS = YES;
				GCC_OPTIMIZATION_LEVEL = 0;
				GCC_PREPROCESSOR_DEFINITIONS = (
					"DEBUG=1",
					"$(inherited)",
				);
				GCC_WARN_64_TO_32_BIT_CONVERSION = YES;
				GCC_WARN_ABOUT_RETURN_TYPE = YES_ERROR;
				GCC_WARN_UNDECLARED_SELECTOR = YES;
				GCC_WARN_UNINITIALIZED_AUTOS = YES_AGGRESSIVE;
				GCC_WARN_UNUSED_FUNCTION = YES;
				GCC_WARN_UNUSED_VARIABLE = YES;
				IPHONEOS_DEPLOYMENT_TARGET = 17.2;
				LOCALIZATION_PREFERS_STRING_CATALOGS = YES;
				MTL_ENABLE_DEBUG_INFO = INCLUDE_SOURCE;
				MTL_FAST_MATH = YES;
				ONLY_ACTIVE_ARCH = YES;
				SDKROOT = iphoneos;
				SWIFT_ACTIVE_COMPILATION_CONDITIONS = "DEBUG $(inherited)";
				SWIFT_OPTIMIZATION_LEVEL = "-Onone";
			};
			name = Debug;
		};
		4A0A127F2B66A4D000677420 /* Release */ = {
			isa = XCBuildConfiguration;
			buildSettings = {
				ALWAYS_SEARCH_USER_PATHS = NO;
				ASSETCATALOG_COMPILER_GENERATE_SWIFT_ASSET_SYMBOL_EXTENSIONS = YES;
				CLANG_ANALYZER_NONNULL = YES;
				CLANG_ANALYZER_NUMBER_OBJECT_CONVERSION = YES_AGGRESSIVE;
				CLANG_CXX_LANGUAGE_STANDARD = "gnu++20";
				CLANG_ENABLE_MODULES = YES;
				CLANG_ENABLE_OBJC_ARC = YES;
				CLANG_ENABLE_OBJC_WEAK = YES;
				CLANG_WARN_BLOCK_CAPTURE_AUTORELEASING = YES;
				CLANG_WARN_BOOL_CONVERSION = YES;
				CLANG_WARN_COMMA = YES;
				CLANG_WARN_CONSTANT_CONVERSION = YES;
				CLANG_WARN_DEPRECATED_OBJC_IMPLEMENTATIONS = YES;
				CLANG_WARN_DIRECT_OBJC_ISA_USAGE = YES_ERROR;
				CLANG_WARN_DOCUMENTATION_COMMENTS = YES;
				CLANG_WARN_EMPTY_BODY = YES;
				CLANG_WARN_ENUM_CONVERSION = YES;
				CLANG_WARN_INFINITE_RECURSION = YES;
				CLANG_WARN_INT_CONVERSION = YES;
				CLANG_WARN_NON_LITERAL_NULL_CONVERSION = YES;
				CLANG_WARN_OBJC_IMPLICIT_RETAIN_SELF = YES;
				CLANG_WARN_OBJC_LITERAL_CONVERSION = YES;
				CLANG_WARN_OBJC_ROOT_CLASS = YES_ERROR;
				CLANG_WARN_QUOTED_INCLUDE_IN_FRAMEWORK_HEADER = YES;
				CLANG_WARN_RANGE_LOOP_ANALYSIS = YES;
				CLANG_WARN_STRICT_PROTOTYPES = YES;
				CLANG_WARN_SUSPICIOUS_MOVE = YES;
				CLANG_WARN_UNGUARDED_AVAILABILITY = YES_AGGRESSIVE;
				CLANG_WARN_UNREACHABLE_CODE = YES;
				CLANG_WARN__DUPLICATE_METHOD_MATCH = YES;
				COPY_PHASE_STRIP = NO;
				DEBUG_INFORMATION_FORMAT = "dwarf-with-dsym";
				ENABLE_NS_ASSERTIONS = NO;
				ENABLE_STRICT_OBJC_MSGSEND = YES;
				ENABLE_USER_SCRIPT_SANDBOXING = YES;
				GCC_C_LANGUAGE_STANDARD = gnu17;
				GCC_NO_COMMON_BLOCKS = YES;
				GCC_WARN_64_TO_32_BIT_CONVERSION = YES;
				GCC_WARN_ABOUT_RETURN_TYPE = YES_ERROR;
				GCC_WARN_UNDECLARED_SELECTOR = YES;
				GCC_WARN_UNINITIALIZED_AUTOS = YES_AGGRESSIVE;
				GCC_WARN_UNUSED_FUNCTION = YES;
				GCC_WARN_UNUSED_VARIABLE = YES;
				IPHONEOS_DEPLOYMENT_TARGET = 17.2;
				LOCALIZATION_PREFERS_STRING_CATALOGS = YES;
				MTL_ENABLE_DEBUG_INFO = NO;
				MTL_FAST_MATH = YES;
				SDKROOT = iphoneos;
				SWIFT_COMPILATION_MODE = wholemodule;
				VALIDATE_PRODUCT = YES;
			};
			name = Release;
		};
		4A0A12812B66A4D000677420 /* Debug */ = {
			isa = XCBuildConfiguration;
			buildSettings = {
				ASSETCATALOG_COMPILER_APPICON_NAME = AppIcon;
				ASSETCATALOG_COMPILER_GLOBAL_ACCENT_COLOR_NAME = AccentColor;
				CODE_SIGN_STYLE = Automatic;
				CURRENT_PROJECT_VERSION = 1;
				GENERATE_INFOPLIST_FILE = YES;
				INFOPLIST_FILE = DemoUseFramework/Info.plist;
				INFOPLIST_KEY_UIApplicationSupportsIndirectInputEvents = YES;
				INFOPLIST_KEY_UILaunchStoryboardName = LaunchScreen;
				INFOPLIST_KEY_UIMainStoryboardFile = Main;
				INFOPLIST_KEY_UISupportedInterfaceOrientations_iPad = "UIInterfaceOrientationPortrait UIInterfaceOrientationPortraitUpsideDown UIInterfaceOrientationLandscapeLeft UIInterfaceOrientationLandscapeRight";
				INFOPLIST_KEY_UISupportedInterfaceOrientations_iPhone = "UIInterfaceOrientationPortrait UIInterfaceOrientationLandscapeLeft UIInterfaceOrientationLandscapeRight";
				LD_RUNPATH_SEARCH_PATHS = (
					"$(inherited)",
					"@executable_path/Frameworks",
				);
				MARKETING_VERSION = 1.0;
				PRODUCT_BUNDLE_IDENTIFIER = com.DemoUseFramework;
				PRODUCT_NAME = "$(TARGET_NAME)";
				SWIFT_EMIT_LOC_STRINGS = YES;
				SWIFT_VERSION = 5.0;
				TARGETED_DEVICE_FAMILY = "1,2";
			};
			name = Debug;
		};
		4A0A12822B66A4D000677420 /* Release */ = {
			isa = XCBuildConfiguration;
			buildSettings = {
				ASSETCATALOG_COMPILER_APPICON_NAME = AppIcon;
				ASSETCATALOG_COMPILER_GLOBAL_ACCENT_COLOR_NAME = AccentColor;
				CODE_SIGN_STYLE = Automatic;
				CURRENT_PROJECT_VERSION = 1;
				GENERATE_INFOPLIST_FILE = YES;
				INFOPLIST_FILE = DemoUseFramework/Info.plist;
				INFOPLIST_KEY_UIApplicationSupportsIndirectInputEvents = YES;
				INFOPLIST_KEY_UILaunchStoryboardName = LaunchScreen;
				INFOPLIST_KEY_UIMainStoryboardFile = Main;
				INFOPLIST_KEY_UISupportedInterfaceOrientations_iPad = "UIInterfaceOrientationPortrait UIInterfaceOrientationPortraitUpsideDown UIInterfaceOrientationLandscapeLeft UIInterfaceOrientationLandscapeRight";
				INFOPLIST_KEY_UISupportedInterfaceOrientations_iPhone = "UIInterfaceOrientationPortrait UIInterfaceOrientationLandscapeLeft UIInterfaceOrientationLandscapeRight";
				LD_RUNPATH_SEARCH_PATHS = (
					"$(inherited)",
					"@executable_path/Frameworks",
				);
				MARKETING_VERSION = 1.0;
				PRODUCT_BUNDLE_IDENTIFIER = com.DemoUseFramework;
				PRODUCT_NAME = "$(TARGET_NAME)";
				SWIFT_EMIT_LOC_STRINGS = YES;
				SWIFT_VERSION = 5.0;
				TARGETED_DEVICE_FAMILY = "1,2";
			};
			name = Release;
		};
		4A0A12842B66A4D000677420 /* Debug */ = {
			isa = XCBuildConfiguration;
			buildSettings = {
				ALWAYS_EMBED_SWIFT_STANDARD_LIBRARIES = YES;
				BUNDLE_LOADER = "$(TEST_HOST)";
				CODE_SIGN_STYLE = Automatic;
				CURRENT_PROJECT_VERSION = 1;
				GENERATE_INFOPLIST_FILE = YES;
				IPHONEOS_DEPLOYMENT_TARGET = 17.2;
				MARKETING_VERSION = 1.0;
				PRODUCT_BUNDLE_IDENTIFIER = com.DemoUseFrameworkTests;
				PRODUCT_NAME = "$(TARGET_NAME)";
				SWIFT_EMIT_LOC_STRINGS = NO;
				SWIFT_VERSION = 5.0;
				TARGETED_DEVICE_FAMILY = "1,2";
				TEST_HOST = "$(BUILT_PRODUCTS_DIR)/DemoUseFramework.app/$(BUNDLE_EXECUTABLE_FOLDER_PATH)/DemoUseFramework";
			};
			name = Debug;
		};
		4A0A12852B66A4D000677420 /* Release */ = {
			isa = XCBuildConfiguration;
			buildSettings = {
				ALWAYS_EMBED_SWIFT_STANDARD_LIBRARIES = YES;
				BUNDLE_LOADER = "$(TEST_HOST)";
				CODE_SIGN_STYLE = Automatic;
				CURRENT_PROJECT_VERSION = 1;
				GENERATE_INFOPLIST_FILE = YES;
				IPHONEOS_DEPLOYMENT_TARGET = 17.2;
				MARKETING_VERSION = 1.0;
				PRODUCT_BUNDLE_IDENTIFIER = com.DemoUseFrameworkTests;
				PRODUCT_NAME = "$(TARGET_NAME)";
				SWIFT_EMIT_LOC_STRINGS = NO;
				SWIFT_VERSION = 5.0;
				TARGETED_DEVICE_FAMILY = "1,2";
				TEST_HOST = "$(BUILT_PRODUCTS_DIR)/DemoUseFramework.app/$(BUNDLE_EXECUTABLE_FOLDER_PATH)/DemoUseFramework";
			};
			name = Release;
		};
		4A0A12872B66A4D000677420 /* Debug */ = {
			isa = XCBuildConfiguration;
			buildSettings = {
				ALWAYS_EMBED_SWIFT_STANDARD_LIBRARIES = YES;
				CODE_SIGN_STYLE = Automatic;
				CURRENT_PROJECT_VERSION = 1;
				GENERATE_INFOPLIST_FILE = YES;
				MARKETING_VERSION = 1.0;
				PRODUCT_BUNDLE_IDENTIFIER = com.DemoUseFrameworkUITests;
				PRODUCT_NAME = "$(TARGET_NAME)";
				SWIFT_EMIT_LOC_STRINGS = NO;
				SWIFT_VERSION = 5.0;
				TARGETED_DEVICE_FAMILY = "1,2";
				TEST_TARGET_NAME = DemoUseFramework;
			};
			name = Debug;
		};
		4A0A12882B66A4D000677420 /* Release */ = {
			isa = XCBuildConfiguration;
			buildSettings = {
				ALWAYS_EMBED_SWIFT_STANDARD_LIBRARIES = YES;
				CODE_SIGN_STYLE = Automatic;
				CURRENT_PROJECT_VERSION = 1;
				GENERATE_INFOPLIST_FILE = YES;
				MARKETING_VERSION = 1.0;
				PRODUCT_BUNDLE_IDENTIFIER = com.DemoUseFrameworkUITests;
				PRODUCT_NAME = "$(TARGET_NAME)";
				SWIFT_EMIT_LOC_STRINGS = NO;
				SWIFT_VERSION = 5.0;
				TARGETED_DEVICE_FAMILY = "1,2";
				TEST_TARGET_NAME = DemoUseFramework;
			};
			name = Release;
		};
/* End XCBuildConfiguration section */

/* Begin XCConfigurationList section */
		4A0A12512B66A4CE00677420 /* Build configuration list for PBXProject "DemoUseFramework" */ = {
			isa = XCConfigurationList;
			buildConfigurations = (
				4A0A127E2B66A4D000677420 /* Debug */,
				4A0A127F2B66A4D000677420 /* Release */,
			);
			defaultConfigurationIsVisible = 0;
			defaultConfigurationName = Release;
		};
		4A0A12802B66A4D000677420 /* Build configuration list for PBXNativeTarget "DemoUseFramework" */ = {
			isa = XCConfigurationList;
			buildConfigurations = (
				4A0A12812B66A4D000677420 /* Debug */,
				4A0A12822B66A4D000677420 /* Release */,
			);
			defaultConfigurationIsVisible = 0;
			defaultConfigurationName = Release;
		};
		4A0A12832B66A4D000677420 /* Build configuration list for PBXNativeTarget "DemoUseFrameworkTests" */ = {
			isa = XCConfigurationList;
			buildConfigurations = (
				4A0A12842B66A4D000677420 /* Debug */,
				4A0A12852B66A4D000677420 /* Release */,
			);
			defaultConfigurationIsVisible = 0;
			defaultConfigurationName = Release;
		};
		4A0A12862B66A4D000677420 /* Build configuration list for PBXNativeTarget "DemoUseFrameworkUITests" */ = {
			isa = XCConfigurationList;
			buildConfigurations = (
				4A0A12872B66A4D000677420 /* Debug */,
				4A0A12882B66A4D000677420 /* Release */,
			);
			defaultConfigurationIsVisible = 0;
			defaultConfigurationName = Release;
		};
/* End XCConfigurationList section */
	};
	rootObject = 4A0A124E2B66A4CE00677420 /* Project object */;
}
